
Microsoft Visual Studio Solution File, Format Version 12.00
# Visual Studio Version 17
VisualStudioVersion = 17.12.35527.113 d17.12
MinimumVisualStudioVersion = 10.0.40219.1
Project("{FAE04EC0-301F-11D3-BF4B-00C04F79EFBC}") = "Tamagotchi_RobinJongman", "Tamagotchi_RobinJongman\Tamagotchi_RobinJongman.csproj", "{CDD9EF5A-539F-484B-B922-48C7F1165A64}"
EndProject
Global
	GlobalSection(SolutionConfigurationPlatforms) = preSolution
		Debug|Any CPU = Debug|Any CPU
		Release|Any CPU = Release|Any CPU
	EndGlobalSection
	GlobalSection(ProjectConfigurationPlatforms) = postSolution
		{CDD9EF5A-539F-484B-B922-48C7F1165A64}.Debug|Any CPU.ActiveCfg = Debug|Any CPU
		{CDD9EF5A-539F-484B-B922-48C7F1165A64}.Debug|Any CPU.Build.0 = Debug|Any CPU
		{CDD9EF5A-539F-484B-B922-48C7F1165A64}.Release|Any CPU.ActiveCfg = Release|Any CPU
		{CDD9EF5A-539F-484B-B922-48C7F1165A64}.Release|Any CPU.Build.0 = Release|Any CPU
	EndGlobalSection
	GlobalSection(SolutionProperties) = preSolution
		HideSolutionNode = FALSE
	EndGlobalSection
EndGlobal
